PODS:
  - Alamofire (5.8.0)
  - ExytePopupView (1.2.1)
  - Moya/Core (15.0.0):
    - Alamofire (~> 5.0)
  - Moya/RxSwift (15.0.0):
    - Moya/Core
    - RxSwift (~> 6.0)
  - RxSwift (6.6.0)
  - shared (1.0)
  - Toaster (2.3.0)

DEPENDENCIES:
  - ExytePopupView (= 1.2.1)
  - Moya/RxSwift (= 15.0.0)
  - shared (from `../shared`)
  - Toaster (= 2.3.0)

SPEC REPOS:
  trunk:
    - Alamofire
    - ExytePopupView
    - Moya
    - RxSwift
    - Toaster

EXTERNAL SOURCES:
  shared:
    :path: "../shared"

SPEC CHECKSUMS:
  Alamofire: 0e92e751b3e9e66d7982db43919d01f313b8eb91
  ExytePopupView: e0554c9713665a386a54b356c596858811e84621
  Moya: 138f0573e53411fb3dc17016add0b748dfbd78ee
  RxSwift: a4b44f7d24599f674deebd1818eab82e58410632
  shared: 178f501f0fa0b205a00b4e07af285e44151126e2
  Toaster: c3473963c78e8cabbf6ea6f11ad0fdaae6f54987

PODFILE CHECKSUM: 6e60988bb911e308564a7d8fe79b618ad16d3286

COCOAPODS: 1.15.2
